// !$*UTF8*$!
{
	archiveVersion = 1;
	classes = {
	};
	objectVersion = 77;
	objects = {

/* Begin PBXBuildFile section */
		D94C49702FD4A377004D5032 /* EasyLlama in Frameworks */ = {isa = PBXBuildFile; productRef = D94C496F2FD4A377004D5032 /* EasyLlama */; };
/* End PBXBuildFile section */

/* Begin PBXContainerItemProxy section */
		D94C48C92FD48749004D5032 /* PBXContainerItemProxy */ = {
			isa = PBXContainerItemProxy;
			containerPortal = D94C48B12FD48747004D5032 /* Project object */;
			proxyType = 1;
			remoteGlobalIDString = D94C48B82FD48747004D5032;
			remoteInfo = LLMsApps;
		};
		D94C48D32FD48749004D5032 /* PBXContainerItemProxy */ = {
			isa = PBXContainerItemProxy;
			containerPortal = D94C48B12FD48747004D5032 /* Project object */;
			proxyType = 1;
			remoteGlobalIDString = D94C48B82FD48747004D5032;
			remoteInfo = LLMsApps;
		};
/* End PBXContainerItemProxy section */

/* Begin PBXFileReference section */
		D94C48B92FD48747004D5032 /* LLMsApps.app */ = {isa = PBXFileReference; explicitFileType = wrapper.application; includeInIndex = 0; path = LLMsApps.app; sourceTree = BUILT_PRODUCTS_DIR; };
		D94C48C82FD48749004D5032 /* LLMsAppsTests.xctest */ = {isa = PBXFileReference; explicitFileType = wrapper.cfbundle; includeInIndex = 0; path = LLMsAppsTests.xctest; sourceTree = BUILT_PRODUCTS_DIR; };
		D94C48D22FD48749004D5032 /* LLMsAppsUITests.xctest */ = {isa = PBXFileReference; explicitFileType = wrapper.cfbundle; includeInIndex = 0; path = LLMsAppsUITests.xctest; sourceTree = BUILT_PRODUCTS_DIR; };
/* End PBXFileReference section */

/* Begin PBXFileSystemSynchronizedRootGroup section */
		D94C48BB2FD48747004D5032 /* LLMsApps */ = {
			isa = PBXFileSystemSynchronizedRootGroup;
			path = LLMsApps;
			sourceTree = "<group>";
		};
		D94C48CB2FD48749004D5032 /* LLMsAppsTests */ = {
			isa = PBXFileSystemSynchronizedRootGroup;
			path = LLMsAppsTests;
			sourceTree = "<group>";
		};
		D94C48D52FD48749004D5032 /* LLMsAppsUITests */ = {
			isa = PBXFileSystemSynchronizedRootGroup;
			path = LLMsAppsUITests;
			sourceTree = "<group>";
		};
/* End PBXFileSystemSynchronizedRootGroup section */

/* Begin PBXFrameworksBuildPhase section */
		D94C48B62FD48747004D5032 /* Frameworks */ = {
			isa = PBXFrameworksBuildPhase;
			buildActionMask = 2147483647;
			files = (
				D94C49702FD4A377004D5032 /* EasyLlama in Frameworks */,
			);
			runOnlyForDeploymentPostprocessing = 0;
		};
		D94C48C52FD48749004D5032 /* Frameworks */ = {
			isa = PBXFrameworksBuildPhase;
			buildActionMask = 2147483647;
			files = (
			);
			runOnlyForDeploymentPostprocessing = 0;
		};
		D94C48CF2FD48749004D5032 /* Frameworks */ = {
			isa = PBXFrameworksBuildPhase;
			buildActionMask = 2147483647;
			files = (
			);
			runOnlyForDeploymentPostprocessing = 0;
		};
/* End PBXFrameworksBuildPhase section */

/* Begin PBXGroup section */
		D94C48B02FD48747004D5032 = {
			isa = PBXGroup;
			children = (
				D94C48BB2FD48747004D5032 /* LLMsApps */,
				D94C48CB2FD48749004D5032 /* LLMsAppsTests */,
				D94C48D52FD48749004D5032 /* LLMsAppsUITests */,
				D94C496B2FD49F4E004D5032 /* Frameworks */,
				D94C48BA2FD48747004D5032 /* Products */,
			);
			sourceTree = "<group>";
		};
		D94C48BA2FD48747004D5032 /* Products */ = {
			isa = PBXGroup;
			children = (
				D94C48B92FD48747004D5032 /* LLMsApps.app */,
				D94C48C82FD48749004D5032 /* LLMsAppsTests.xctest */,
				D94C48D22FD48749004D5032 /* LLMsAppsUITests.xctest */,
			);
			name = Products;
			sourceTree = "<group>";
		};
		D94C496B2FD49F4E004D5032 /* Frameworks */ = {
			isa = PBXGroup;
			children = (
			);
			name = Frameworks;
			sourceTree = "<group>";
		};
/* End PBXGroup section */

/* Begin PBXNativeTarget section */
		D94C48B82FD48747004D5032 /* LLMsApps */ = {
			isa = PBXNativeTarget;
			buildConfigurationList = D94C48DC2FD48749004D5032 /* Build configuration list for PBXNativeTarget "LLMsApps" */;
			buildPhases = (
				D94C48B52FD48747004D5032 /* Sources */,
				D94C48B62FD48747004D5032 /* Frameworks */,
				D94C48B72FD48747004D5032 /* Resources */,
			);
			buildRules = (
			);
			dependencies = (
			);
			fileSystemSynchronizedGroups = (
				D94C48BB2FD48747004D5032 /* LLMsApps */,
			);
			name = LLMsApps;
			packageProductDependencies = (
				D94C496F2FD4A377004D5032 /* EasyLlama */,
			);
			productName = LLMsApps;
			productReference = D94C48B92FD48747004D5032 /* LLMsApps.app */;
			productType = "com.apple.product-type.application";
		};
		D94C48C72FD48749004D5032 /* LLMsAppsTests */ = {
			isa = PBXNativeTarget;
			buildConfigurationList = D94C48DF2FD48749004D5032 /* Build configuration list for PBXNativeTarget "LLMsAppsTests" */;
			buildPhases = (
				D94C48C42FD48749004D5032 /* Sources */,
				D94C48C52FD48749004D5032 /* Frameworks */,
				D94C48C62FD48749004D5032 /* Resources */,
			);
			buildRules = (
			);
			dependencies = (
				D94C48CA2FD48749004D5032 /* PBXTargetDependency */,
			);
			fileSystemSynchronizedGroups = (
				D94C48CB2FD48749004D5032 /* LLMsAppsTests */,
			);
			name = LLMsAppsTests;
			packageProductDependencies = (
			);
			productName = LLMsAppsTests;
			productReference = D94C48C82FD48749004D5032 /* LLMsAppsTests.xctest */;
			productType = "com.apple.product-type.bundle.unit-test";
		};
		D94C48D12FD48749004D5032 /* LLMsAppsUITests */ = {
			isa = PBXNativeTarget;
			buildConfigurationList = D94C48E22FD48749004D5032 /* Build configuration list for PBXNativeTarget "LLMsAppsUITests" */;
			buildPhases = (
				D94C48CE2FD48749004D5032 /* Sources */,
				D94C48CF2FD48749004D5032 /* Frameworks */,
				D94C48D02FD48749004D5032 /* Resources */,
			);
			buildRules = (
			);
			dependencies = (
				D94C48D42FD48749004D5032 /* PBXTargetDependency */,
			);
			fileSystemSynchronizedGroups = (
				D94C48D52FD48749004D5032 /* LLMsAppsUITests */,
			);
			name = LLMsAppsUITests;
			packageProductDependencies = (
			);
			productName = LLMsAppsUITests;
			productReference = D94C48D22FD48749004D5032 /* LLMsAppsUITests.xctest */;
			productType = "com.apple.product-type.bundle.ui-testing";
		};
/* End PBXNativeTarget section */

/* Begin PBXProject section */
		D94C48B12FD48747004D5032 /* Project object */ = {
			isa = PBXProject;
			attributes = {
				BuildIndependentTargetsInParallel = 1;
				LastSwiftUpdateCheck = 2650;
				LastUpgradeCheck = 2650;
				TargetAttributes = {
					D94C48B82FD48747004D5032 = {
						CreatedOnToolsVersion = 26.5;
					};
					D94C48C72FD48749004D5032 = {
						CreatedOnToolsVersion = 26.5;
						TestTargetID = D94C48B82FD48747004D5032;
					};
					D94C48D12FD48749004D5032 = {
						CreatedOnToolsVersion = 26.5;
						TestTargetID = D94C48B82FD48747004D5032;
					};
				};
			};
			buildConfigurationList = D94C48B42FD48747004D5032 /* Build configuration list for PBXProject "LLMsApps" */;
			developmentRegion = en;
			hasScannedForEncodings = 0;
			knownRegions = (
				en,
				Base,
			);
			mainGroup = D94C48B02FD48747004D5032;
			minimizedProjectReferenceProxies = 1;
			packageReferences = (
				D94C496E2FD4A36B004D5032 /* XCRemoteSwiftPackageReference "EasyLlama" */,
			);
			preferredProjectObjectVersion = 77;
			productRefGroup = D94C48BA2FD48747004D5032 /* Products */;
			projectDirPath = "";
			projectRoot = "";
			targets = (
				D94C48B82FD48747004D5032 /* LLMsApps */,
				D94C48C72FD48749004D5032 /* LLMsAppsTests */,
				D94C48D12FD48749004D5032 /* LLMsAppsUITests */,
			);
		};
/* End PBXProject section */

/* Begin PBXResourcesBuildPhase section */
		D94C48B72FD48747004D5032 /* Resources */ = {
			isa = PBXResourcesBuildPhase;
			buildActionMask = 2147483647;
			files = (
			);
			runOnlyForDeploymentPostprocessing = 0;
		};
		D94C48C62FD48749004D5032 /* Resources */ = {
			isa = PBXResourcesBuildPhase;
			buildActionMask = 2147483647;
			files = (
			);
			runOnlyForDeploymentPostprocessing = 0;
		};
		D94C48D02FD48749004D5032 /* Resources */ = {
			isa = PBXResourcesBuildPhase;
			buildActionMask = 2147483647;
			files = (
			);
			runOnlyForDeploymentPostprocessing = 0;
		};
/* End PBXResourcesBuildPhase section */

/* Begin PBXSourcesBuildPhase section */
		D94C48B52FD48747004D5032 /* Sources */ = {
			isa = PBXSourcesBuildPhase;
			buildActionMask = 2147483647;
			files = (
			);
			runOnlyForDeploymentPostprocessing = 0;
		};
		D94C48C42FD48749004D5032 /* Sources */ = {
			isa = PBXSourcesBuildPhase;
			buildActionMask = 2147483647;
			files = (
			);
			runOnlyForDeploymentPostprocessing = 0;
		};
		D94C48CE2FD48749004D5032 /* Sources */ = {
			isa = PBXSourcesBuildPhase;
			buildActionMask = 2147483647;
			files = (
			);
			runOnlyForDeploymentPostprocessing = 0;
		};
/* End PBXSourcesBuildPhase section */

/* Begin PBXTargetDependency section */
		D94C48CA2FD48749004D5032 /* PBXTargetDependency */ = {
			isa = PBXTargetDependency;
			target = D94C48B82FD48747004D5032 /* LLMsApps */;
			targetProxy = D94C48C92FD48749004D5032 /* PBXContainerItemProxy */;
		};
		D94C48D42FD48749004D5032 /* PBXTargetDependency */ = {
			isa = PBXTargetDependency;
			target = D94C48B82FD48747004D5032 /* LLMsApps */;
			targetProxy = D94C48D32FD48749004D5032 /* PBXContainerItemProxy */;
		};
/* End PBXTargetDependency section */

/* Begin XCBuildConfiguration section */
		D94C48DA2FD48749004D5032 /* Debug */ = {
			isa = XCBuildConfiguration;
			buildSettings = {
				ALWAYS_SEARCH_USER_PATHS = NO;
				ASSETCATALOG_COMPILER_GENERATE_SWIFT_ASSET_SYMBOL_EXTENSIONS = YES;
				CLANG_ANALYZER_NONNULL = YES;
				CLANG_ANALYZER_NUMBER_OBJECT_CONVERSION = YES_AGGRESSIVE;
				CLANG_CXX_LANGUAGE_STANDARD = "gnu++20";
				CLANG_ENABLE_MODULES = YES;
				CLANG_ENABLE_OBJC_ARC = YES;
				CLANG_ENABLE_OBJC_WEAK = YES;
				CLANG_WARN_BLOCK_CAPTURE_AUTORELEASING = YES;
				CLANG_WARN_BOOL_CONVERSION = YES;
				CLANG_WARN_COMMA = YES;
				CLANG_WARN_CONSTANT_CONVERSION = YES;
				CLANG_WARN_DEPRECATED_OBJC_IMPLEMENTATIONS = YES;
				CLANG_WARN_DIRECT_OBJC_ISA_USAGE = YES_ERROR;
				CLANG_WARN_DOCUMENTATION_COMMENTS = YES;
				CLANG_WARN_EMPTY_BODY = YES;
				CLANG_WARN_ENUM_CONVERSION = YES;
				CLANG_WARN_INFINITE_RECURSION = YES;
				CLANG_WARN_INT_CONVERSION = YES;
				CLANG_WARN_NON_LITERAL_NULL_CONVERSION = YES;
				CLANG_WARN_OBJC_IMPLICIT_RETAIN_SELF = YES;
				CLANG_WARN_OBJC_LITERAL_CONVERSION = YES;
				CLANG_WARN_OBJC_ROOT_CLASS = YES_ERROR;
				CLANG_WARN_QUOTED_INCLUDE_IN_FRAMEWORK_HEADER = YES;
				CLANG_WARN_RANGE_LOOP_ANALYSIS = YES;
				CLANG_WARN_STRICT_PROTOTYPES = YES;
				CLANG_WARN_SUSPICIOUS_MOVE = YES;
				CLANG_WARN_UNGUARDED_AVAILABILITY = YES_AGGRESSIVE;
				CLANG_WARN_UNREACHABLE_CODE = YES;
				CLANG_WARN__DUPLICATE_METHOD_MATCH = YES;
				COPY_PHASE_STRIP = NO;
				DEBUG_INFORMATION_FORMAT = dwarf;
				DEVELOPMENT_TEAM = 4C34TC26X4;
				ENABLE_STRICT_OBJC_MSGSEND = YES;
				ENABLE_TESTABILITY = YES;
				ENABLE_USER_SCRIPT_SANDBOXING = YES;
				GCC_C_LANGUAGE_STANDARD = gnu17;
				GCC_DYNAMIC_NO_PIC = NO;
				GCC_NO_COMMON_BLOCKS = YES;
				GCC_OPTIMIZATION_LEVEL = 0;
				GCC_PREPROCESSOR_DEFINITIONS = (
					"DEBUG=1",
					"$(inherited)",
				);
				GCC_WARN_64_TO_32_BIT_CONVERSION = YES;
				GCC_WARN_ABOUT_RETURN_TYPE = YES_ERROR;
				GCC_WARN_UNDECLARED_SELECTOR = YES;
				GCC_WARN_UNINITIALIZED_AUTOS = YES_AGGRESSIVE;
				GCC_WARN_UNUSED_FUNCTION = YES;
				GCC_WARN_UNUSED_VARIABLE = YES;
				IPHONEOS_DEPLOYMENT_TARGET = 26.5;
				LOCALIZATION_PREFERS_STRING_CATALOGS = YES;
				MTL_ENABLE_DEBUG_INFO = INCLUDE_SOURCE;
				MTL_FAST_MATH = YES;
				ONLY_ACTIVE_ARCH = YES;
				SDKROOT = iphoneos;
				SWIFT_ACTIVE_COMPILATION_CONDITIONS = "DEBUG $(inherited)";
				SWIFT_OPTIMIZATION_LEVEL = "-Onone";
			};
			name = Debug;
		};
		D94C48DB2FD48749004D5032 /* Release */ = {
			isa = XCBuildConfiguration;
			buildSettings = {
				ALWAYS_SEARCH_USER_PATHS = NO;
				ASSETCATALOG_COMPILER_GENERATE_SWIFT_ASSET_SYMBOL_EXTENSIONS = YES;
				CLANG_ANALYZER_NONNULL = YES;
				CLANG_ANALYZER_NUMBER_OBJECT_CONVERSION = YES_AGGRESSIVE;
				CLANG_CXX_LANGUAGE_STANDARD = "gnu++20";
				CLANG_ENABLE_MODULES = YES;
				CLANG_ENABLE_OBJC_ARC = YES;
				CLANG_ENABLE_OBJC_WEAK = YES;
				CLANG_WARN_BLOCK_CAPTURE_AUTORELEASING = YES;
				CLANG_WARN_BOOL_CONVERSION = YES;
				CLANG_WARN_COMMA = YES;
				CLANG_WARN_CONSTANT_CONVERSION = YES;
				CLANG_WARN_DEPRECATED_OBJC_IMPLEMENTATIONS = YES;
				CLANG_WARN_DIRECT_OBJC_ISA_USAGE = YES_ERROR;
				CLANG_WARN_DOCUMENTATION_COMMENTS = YES;
				CLANG_WARN_EMPTY_BODY = YES;
				CLANG_WARN_ENUM_CONVERSION = YES;
				CLANG_WARN_INFINITE_RECURSION = YES;
				CLANG_WARN_INT_CONVERSION = YES;
				CLANG_WARN_NON_LITERAL_NULL_CONVERSION = YES;
				CLANG_WARN_OBJC_IMPLICIT_RETAIN_SELF = YES;
				CLANG_WARN_OBJC_LITERAL_CONVERSION = YES;
				CLANG_WARN_OBJC_ROOT_CLASS = YES_ERROR;
				CLANG_WARN_QUOTED_INCLUDE_IN_FRAMEWORK_HEADER = YES;
				CLANG_WARN_RANGE_LOOP_ANALYSIS = YES;
				CLANG_WARN_STRICT_PROTOTYPES = YES;
				CLANG_WARN_SUSPICIOUS_MOVE = YES;
				CLANG_WARN_UNGUARDED_AVAILABILITY = YES_AGGRESSIVE;
				CLANG_WARN_UNREACHABLE_CODE = YES;
				CLANG_WARN__DUPLICATE_METHOD_MATCH = YES;
				COPY_PHASE_STRIP = NO;
				DEBUG_INFORMATION_FORMAT = "dwarf-with-dsym";
				DEVELOPMENT_TEAM = 4C34TC26X4;
				ENABLE_NS_ASSERTIONS = NO;
				ENABLE_STRICT_OBJC_MSGSEND = YES;
				ENABLE_USER_SCRIPT_SANDBOXING = YES;
				GCC_C_LANGUAGE_STANDARD = gnu17;
				GCC_NO_COMMON_BLOCKS = YES;
				GCC_WARN_64_TO_32_BIT_CONVERSION = YES;
				GCC_WARN_ABOUT_RETURN_TYPE = YES_ERROR;
				GCC_WARN_UNDECLARED_SELECTOR = YES;
				GCC_WARN_UNINITIALIZED_AUTOS = YES_AGGRESSIVE;
				GCC_WARN_UNUSED_FUNCTION = YES;
				GCC_WARN_UNUSED_VARIABLE = YES;
				IPHONEOS_DEPLOYMENT_TARGET = 26.5;
				LOCALIZATION_PREFERS_STRING_CATALOGS = YES;
				MTL_ENABLE_DEBUG_INFO = NO;
				MTL_FAST_MATH = YES;
				SDKROOT = iphoneos;
				SWIFT_COMPILATION_MODE = wholemodule;
				VALIDATE_PRODUCT = YES;
			};
			name = Release;
		};
		D94C48DD2FD48749004D5032 /* Debug */ = {
			isa = XCBuildConfiguration;
			buildSettings = {
				ASSETCATALOG_COMPILER_APPICON_NAME = AppIcon;
				ASSETCATALOG_COMPILER_GLOBAL_ACCENT_COLOR_NAME = AccentColor;
				CODE_SIGN_STYLE = Automatic;
				CURRENT_PROJECT_VERSION = 1;
				DEVELOPMENT_TEAM = 4C34TC26X4;
				ENABLE_PREVIEWS = YES;
				GENERATE_INFOPLIST_FILE = YES;
				INFOPLIST_KEY_UIApplicationSceneManifest_Generation = YES;
				INFOPLIST_KEY_UIApplicationSupportsIndirectInputEvents = YES;
				INFOPLIST_KEY_UILaunchScreen_Generation = YES;
				INFOPLIST_KEY_UISupportedInterfaceOrientations_iPad = "UIInterfaceOrientationPortrait UIInterfaceOrientationPortraitUpsideDown UIInterfaceOrientationLandscapeLeft UIInterfaceOrientationLandscapeRight";
				INFOPLIST_KEY_UISupportedInterfaceOrientations_iPhone = "UIInterfaceOrientationPortrait UIInterfaceOrientationLandscapeLeft UIInterfaceOrientationLandscapeRight";
				LD_RUNPATH_SEARCH_PATHS = (
					"$(inherited)",
					"@executable_path/Frameworks",
				);
				MARKETING_VERSION = 1.0;
				PRODUCT_BUNDLE_IDENTIFIER = com.llmsapp.LLMsApps;
				PRODUCT_NAME = "$(TARGET_NAME)";
				STRING_CATALOG_GENERATE_SYMBOLS = YES;
				SWIFT_APPROACHABLE_CONCURRENCY = YES;
				SWIFT_DEFAULT_ACTOR_ISOLATION = MainActor;
				SWIFT_EMIT_LOC_STRINGS = YES;
				SWIFT_UPCOMING_FEATURE_MEMBER_IMPORT_VISIBILITY = YES;
				SWIFT_VERSION = 5.0;
				TARGETED_DEVICE_FAMILY = "1,2";
			};
			name = Debug;
		};
		D94C48DE2FD48749004D5032 /* Release */ = {
			isa = XCBuildConfiguration;
			buildSettings = {
				ASSETCATALOG_COMPILER_APPICON_NAME = AppIcon;
				ASSETCATALOG_COMPILER_GLOBAL_ACCENT_COLOR_NAME = AccentColor;
				CODE_SIGN_STYLE = Automatic;
				CURRENT_PROJECT_VERSION = 1;
				DEVELOPMENT_TEAM = 4C34TC26X4;
				ENABLE_PREVIEWS = YES;
				GENERATE_INFOPLIST_FILE = YES;
				INFOPLIST_KEY_UIApplicationSceneManifest_Generation = YES;
				INFOPLIST_KEY_UIApplicationSupportsIndirectInputEvents = YES;
				INFOPLIST_KEY_UILaunchScreen_Generation = YES;
				INFOPLIST_KEY_UISupportedInterfaceOrientations_iPad = "UIInterfaceOrientationPortrait UIInterfaceOrientationPortraitUpsideDown UIInterfaceOrientationLandscapeLeft UIInterfaceOrientationLandscapeRight";
				INFOPLIST_KEY_UISupportedInterfaceOrientations_iPhone = "UIInterfaceOrientationPortrait UIInterfaceOrientationLandscapeLeft UIInterfaceOrientationLandscapeRight";
				LD_RUNPATH_SEARCH_PATHS = (
					"$(inherited)",
					"@executable_path/Frameworks",
				);
				MARKETING_VERSION = 1.0;
				PRODUCT_BUNDLE_IDENTIFIER = com.llmsapp.LLMsApps;
				PRODUCT_NAME = "$(TARGET_NAME)";
				STRING_CATALOG_GENERATE_SYMBOLS = YES;
				SWIFT_APPROACHABLE_CONCURRENCY = YES;
				SWIFT_DEFAULT_ACTOR_ISOLATION = MainActor;
				SWIFT_EMIT_LOC_STRINGS = YES;
				SWIFT_UPCOMING_FEATURE_MEMBER_IMPORT_VISIBILITY = YES;
				SWIFT_VERSION = 5.0;
				TARGETED_DEVICE_FAMILY = "1,2";
			};
			name = Release;
		};
		D94C48E02FD48749004D5032 /* Debug */ = {
			isa = XCBuildConfiguration;
			buildSettings = {
				BUNDLE_LOADER = "$(TEST_HOST)";
				CODE_SIGN_STYLE = Automatic;
				CURRENT_PROJECT_VERSION = 1;
				DEVELOPMENT_TEAM = 4C34TC26X4;
				GENERATE_INFOPLIST_FILE = YES;
				IPHONEOS_DEPLOYMENT_TARGET = 26.5;
				MARKETING_VERSION = 1.0;
				PRODUCT_BUNDLE_IDENTIFIER = com.llmsapp.LLMsAppsTests;
				PRODUCT_NAME = "$(TARGET_NAME)";
				STRING_CATALOG_GENERATE_SYMBOLS = NO;
				SWIFT_APPROACHABLE_CONCURRENCY = YES;
				SWIFT_EMIT_LOC_STRINGS = NO;
				SWIFT_UPCOMING_FEATURE_MEMBER_IMPORT_VISIBILITY = YES;
				SWIFT_VERSION = 5.0;
				TARGETED_DEVICE_FAMILY = "1,2";
				TEST_HOST = "$(BUILT_PRODUCTS_DIR)/LLMsApps.app/$(BUNDLE_EXECUTABLE_FOLDER_PATH)/LLMsApps";
			};
			name = Debug;
		};
		D94C48E12FD48749004D5032 /* Release */ = {
			isa = XCBuildConfiguration;
			buildSettings = {
				BUNDLE_LOADER = "$(TEST_HOST)";
				CODE_SIGN_STYLE = Automatic;
				CURRENT_PROJECT_VERSION = 1;
				DEVELOPMENT_TEAM = 4C34TC26X4;
				GENERATE_INFOPLIST_FILE = YES;
				IPHONEOS_DEPLOYMENT_TARGET = 26.5;
				MARKETING_VERSION = 1.0;
				PRODUCT_BUNDLE_IDENTIFIER = com.llmsapp.LLMsAppsTests;
				PRODUCT_NAME = "$(TARGET_NAME)";
				STRING_CATALOG_GENERATE_SYMBOLS = NO;
				SWIFT_APPROACHABLE_CONCURRENCY = YES;
				SWIFT_EMIT_LOC_STRINGS = NO;
				SWIFT_UPCOMING_FEATURE_MEMBER_IMPORT_VISIBILITY = YES;
				SWIFT_VERSION = 5.0;
				TARGETED_DEVICE_FAMILY = "1,2";
				TEST_HOST = "$(BUILT_PRODUCTS_DIR)/LLMsApps.app/$(BUNDLE_EXECUTABLE_FOLDER_PATH)/LLMsApps";
			};
			name = Release;
		};
		D94C48E32FD48749004D5032 /* Debug */ = {
			isa = XCBuildConfiguration;
			buildSettings = {
				CODE_SIGN_STYLE = Automatic;
				CURRENT_PROJECT_VERSION = 1;
				DEVELOPMENT_TEAM = 4C34TC26X4;
				GENERATE_INFOPLIST_FILE = YES;
				MARKETING_VERSION = 1.0;
				PRODUCT_BUNDLE_IDENTIFIER = com.llmsapp.LLMsAppsUITests;
				PRODUCT_NAME = "$(TARGET_NAME)";
				STRING_CATALOG_GENERATE_SYMBOLS = NO;
				SWIFT_APPROACHABLE_CONCURRENCY = YES;
				SWIFT_EMIT_LOC_STRINGS = NO;
				SWIFT_UPCOMING_FEATURE_MEMBER_IMPORT_VISIBILITY = YES;
				SWIFT_VERSION = 5.0;
				TARGETED_DEVICE_FAMILY = "1,2";
				TEST_TARGET_NAME = LLMsApps;
			};
			name = Debug;
		};
		D94C48E42FD48749004D5032 /* Release */ = {
			isa = XCBuildConfiguration;
			buildSettings = {
				CODE_SIGN_STYLE = Automatic;
				CURRENT_PROJECT_VERSION = 1;
				DEVELOPMENT_TEAM = 4C34TC26X4;
				GENERATE_INFOPLIST_FILE = YES;
				MARKETING_VERSION = 1.0;
				PRODUCT_BUNDLE_IDENTIFIER = com.llmsapp.LLMsAppsUITests;
				PRODUCT_NAME = "$(TARGET_NAME)";
				STRING_CATALOG_GENERATE_SYMBOLS = NO;
				SWIFT_APPROACHABLE_CONCURRENCY = YES;
				SWIFT_EMIT_LOC_STRINGS = NO;
				SWIFT_UPCOMING_FEATURE_MEMBER_IMPORT_VISIBILITY = YES;
				SWIFT_VERSION = 5.0;
				TARGETED_DEVICE_FAMILY = "1,2";
				TEST_TARGET_NAME = LLMsApps;
			};
			name = Release;
		};
/* End XCBuildConfiguration section */

/* Begin XCConfigurationList section */
		D94C48B42FD48747004D5032 /* Build configuration list for PBXProject "LLMsApps" */ = {
			isa = XCConfigurationList;
			buildConfigurations = (
				D94C48DA2FD48749004D5032 /* Debug */,
				D94C48DB2FD48749004D5032 /* Release */,
			);
			defaultConfigurationIsVisible = 0;
			defaultConfigurationName = Release;
		};
		D94C48DC2FD48749004D5032 /* Build configuration list for PBXNativeTarget "LLMsApps" */ = {
			isa = XCConfigurationList;
			buildConfigurations = (
				D94C48DD2FD48749004D5032 /* Debug */,
				D94C48DE2FD48749004D5032 /* Release */,
			);
			defaultConfigurationIsVisible = 0;
			defaultConfigurationName = Release;
		};
		D94C48DF2FD48749004D5032 /* Build configuration list for PBXNativeTarget "LLMsAppsTests" */ = {
			isa = XCConfigurationList;
			buildConfigurations = (
				D94C48E02FD48749004D5032 /* Debug */,
				D94C48E12FD48749004D5032 /* Release */,
			);
			defaultConfigurationIsVisible = 0;
			defaultConfigurationName = Release;
		};
		D94C48E22FD48749004D5032 /* Build configuration list for PBXNativeTarget "LLMsAppsUITests" */ = {
			isa = XCConfigurationList;
			buildConfigurations = (
				D94C48E32FD48749004D5032 /* Debug */,
				D94C48E42FD48749004D5032 /* Release */,
			);
			defaultConfigurationIsVisible = 0;
			defaultConfigurationName = Release;
		};
/* End XCConfigurationList section */

/* Begin XCRemoteSwiftPackageReference section */
		D94C496E2FD4A36B004D5032 /* XCRemoteSwiftPackageReference "EasyLlama" */ = {
			isa = XCRemoteSwiftPackageReference;
			repositoryURL = "https://github.com/omidshz100/EasyLlama.git";
			requirement = {
				branch = main;
				kind = branch;
			};
		};
/* End XCRemoteSwiftPackageReference section */

/* Begin XCSwiftPackageProductDependency section */
		D94C496F2FD4A377004D5032 /* EasyLlama */ = {
			isa = XCSwiftPackageProductDependency;
			package = D94C496E2FD4A36B004D5032 /* XCRemoteSwiftPackageReference "EasyLlama" */;
			productName = EasyLlama;
		};
/* End XCSwiftPackageProductDependency section */
	};
	rootObject = D94C48B12FD48747004D5032 /* Project object */;
}
